<Solution>
  <Folder Name="/.github/">
    <File Path=".github/copilot-instructions.md" />
    <File Path=".github/pull_request_template.md" />
  </Folder>
  <Folder Name="/.github/workflows/">
    <File Path=".github/workflows/AGENTS.md" />
    <File Path=".github/workflows/ci.yml" />
    <File Path=".github/workflows/codeql.yml" />
    <File Path=".github/workflows/release.yml" />
  </Folder>
  <Folder Name="/Solution Items/">
    <File Path="AGENTS.md" />
    <File Path="CHANGELOG.md" />
    <File Path="CONTRIBUTING.md" />
    <File Path="README.md" />
    <File Path="swagger.json" />
  </Folder>
  <Folder Name="/Solution Items/documentation/">
    <File Path="documentation/README.md" />
    <File Path="documentation/AGENT-MEMORY.md" />
    <File Path="documentation/projectx-client-prd.md" />
    <File Path="documentation/projectx-client-architecture.md" />
  </Folder>
  <Folder Name="/Solution Items/documentation/adr/">
    <File Path="documentation/adr/README.md" />
    <File Path="documentation/adr/0001-refit-typed-rest-client.md" />
    <File Path="documentation/adr/0002-resilience-and-idempotency.md" />
    <File Path="documentation/adr/0003-jwt-acquisition-and-cache.md" />
    <File Path="documentation/adr/0004-hub-client-is-a-singleton.md" />
    <File Path="documentation/adr/0005-multi-targeting.md" />
    <File Path="documentation/adr/0006-tag-driven-versioning.md" />
    <File Path="documentation/adr/0007-local-test-environment.md" />
    <File Path="documentation/adr/0008-branch-ladder-and-governance.md" />
  </Folder>
  <Folder Name="/Solution Items/documentation/agents/">
    <File Path="documentation/agents/README.md" />
    <File Path="documentation/agents/code-reviewer.md" />
    <File Path="documentation/agents/platform.md" />
  </Folder>
  <Project Path="MarqSpec.Client.ProjectX.Diagnostics/MarqSpec.Client.ProjectX.Diagnostics.csproj" />
  <Project Path="MarqSpec.Client.ProjectX.Samples/MarqSpec.Client.ProjectX.Samples.csproj" />
  <Project Path="MarqSpec.Client.ProjectX.Tests/MarqSpec.Client.ProjectX.Tests.csproj" />
  <Project Path="MarqSpec.Client.ProjectX/MarqSpec.Client.ProjectX.csproj" />
</Solution>
